{
  "version": 4,
  "terraform_version": "1.9.3",
  "serial": 1,
  "lineage": "c4cd9caa-3e05-d731-af1e-098107683700",
  "outputs": {},
  "resources": [
    {
      "mode": "managed",
      "type": "spotify_playlist",
      "name": "English",
      "provider": "provider[\"registry.terraform.io/conradludgate/spotify\"]",
      "instances": [
        {
          "schema_version": 0,
          "attributes": {
            "description": null,
            "id": "3d9d9Iosxz94yrU0vrUL0B",
            "name": "English",
            "public": true,
            "snapshot_id": "AAAAAhGN9pw1tbxkWKqDFrUI/1n+NxqM",
            "tracks": [
              "0tgVpDi06FyKpA1z0VMD4v"
            ]
          },
          "sensitive_attributes": [],
          "private": "bnVsbA=="
        }
      ]
    }
  ],
  "check_results": null
}
